// !$*UTF8*$!
{
	archiveVersion = 1;
	classes = {
	};
	objectVersion = 46;
	objects = {

/* Begin PBXBuildFile section */
		5B646B1E1D3FE161001A64E8 /* main.m in Sources */ = {isa = PBXBuildFile; fileRef = 5B646B1D1D3FE161001A64E8 /* main.m */; };
		5B646B211D3FE161001A64E8 /* AppDelegate.m in Sources */ = {isa = PBXBuildFile; fileRef = 5B646B201D3FE161001A64E8 /* AppDelegate.m */; };
		5B646B241D3FE161001A64E8 /* TimeCircuitsViewController.m in Sources */ = {isa = PBXBuildFile; fileRef = 5B646B231D3FE161001A64E8 /* TimeCircuitsViewController.m */; };
		5B646B271D3FE162001A64E8 /* Main.storyboard in Resources */ = {isa = PBXBuildFile; fileRef = 5B646B251D3FE162001A64E8 /* Main.storyboard */; };
		5B646B291D3FE162001A64E8 /* Assets.xcassets in Resources */ = {isa = PBXBuildFile; fileRef = 5B646B281D3FE162001A64E8 /* Assets.xcassets */; };
		5B646B2C1D3FE162001A64E8 /* LaunchScreen.storyboard in Resources */ = {isa = PBXBuildFile; fileRef = 5B646B2A1D3FE162001A64E8 /* LaunchScreen.storyboard */; };
		5B646B361D3FE3CB001A64E8 /* DatePickerViewController.m in Sources */ = {isa = PBXBuildFile; fileRef = 5B646B351D3FE3CB001A64E8 /* DatePickerViewController.m */; };
/* End PBXBuildFile section */

/* Begin PBXFileReference section */
		5B646B191D3FE161001A64E8 /* Outta Time.app */ = {isa = PBXFileReference; explicitFileType = wrapper.application; includeInIndex = 0; path = "Outta Time.app"; sourceTree = BUILT_PRODUCTS_DIR; };
		5B646B1D1D3FE161001A64E8 /* main.m */ = {isa = PBXFileReference; lastKnownFileType = sourcecode.c.objc; path = main.m; sourceTree = "<group>"; };
		5B646B1F1D3FE161001A64E8 /* AppDelegate.h */ = {isa = PBXFileReference; lastKnownFileType = sourcecode.c.h; path = AppDelegate.h; sourceTree = "<group>"; };
		5B646B201D3FE161001A64E8 /* AppDelegate.m */ = {isa = PBXFileReference; lastKnownFileType = sourcecode.c.objc; path = AppDelegate.m; sourceTree = "<group>"; };
		5B646B221D3FE161001A64E8 /* TimeCircuitsViewController.h */ = {isa = PBXFileReference; lastKnownFileType = sourcecode.c.h; path = TimeCircuitsViewController.h; sourceTree = "<group>"; };
		5B646B231D3FE161001A64E8 /* TimeCircuitsViewController.m */ = {isa = PBXFileReference; lastKnownFileType = sourcecode.c.objc; path = TimeCircuitsViewController.m; sourceTree = "<group>"; };
		5B646B261D3FE162001A64E8 /* Base */ = {isa = PBXFileReference; lastKnownFileType = file.storyboard; name = Base; path = Base.lproj/Main.storyboard; sourceTree = "<group>"; };
		5B646B281D3FE162001A64E8 /* Assets.xcassets */ = {isa = PBXFileReference; lastKnownFileType = folder.assetcatalog; path = Assets.xcassets; sourceTree = "<group>"; };
		5B646B2B1D3FE162001A64E8 /* Base */ = {isa = PBXFileReference; lastKnownFileType = file.storyboard; name = Base; path = Base.lproj/LaunchScreen.storyboard; sourceTree = "<group>"; };
		5B646B2D1D3FE162001A64E8 /* Info.plist */ = {isa = PBXFileReference; lastKnownFileType = text.plist.xml; path = Info.plist; sourceTree = "<group>"; };
		5B646B331D3FE2FD001A64E8 /* digital-7 (1).ttf */ = {isa = PBXFileReference; lastKnownFileType = file; path = "digital-7 (1).ttf"; sourceTree = "<group>"; };
		5B646B341D3FE3CB001A64E8 /* DatePickerViewController.h */ = {isa = PBXFileReference; fileEncoding = 4; lastKnownFileType = sourcecode.c.h; path = DatePickerViewController.h; sourceTree = "<group>"; };
		5B646B351D3FE3CB001A64E8 /* DatePickerViewController.m */ = {isa = PBXFileReference; fileEncoding = 4; lastKnownFileType = sourcecode.c.objc; path = DatePickerViewController.m; sourceTree = "<group>"; };
/* End PBXFileReference section */

/* Begin PBXFrameworksBuildPhase section */
		5B646B161D3FE161001A64E8 /* Frameworks */ = {
			isa = PBXFrameworksBuildPhase;
			buildActionMask = 2147483647;
			files = (
			);
			runOnlyForDeploymentPostprocessing = 0;
		};
/* End PBXFrameworksBuildPhase section */

/* Begin PBXGroup section */
		5B646B101D3FE161001A64E8 = {
			isa = PBXGroup;
			children = (
				5B646B1B1D3FE161001A64E8 /* Outta Time */,
				5B646B1A1D3FE161001A64E8 /* Products */,
			);
			sourceTree = "<group>";
		};
		5B646B1A1D3FE161001A64E8 /* Products */ = {
			isa = PBXGroup;
			children = (
				5B646B191D3FE161001A64E8 /* Outta Time.app */,
			);
			name = Products;
			sourceTree = "<group>";
		};
		5B646B1B1D3FE161001A64E8 /* Outta Time */ = {
			isa = PBXGroup;
			children = (
				5B646B331D3FE2FD001A64E8 /* digital-7 (1).ttf */,
				5B646B1F1D3FE161001A64E8 /* AppDelegate.h */,
				5B646B201D3FE161001A64E8 /* AppDelegate.m */,
				5B646B221D3FE161001A64E8 /* TimeCircuitsViewController.h */,
				5B646B231D3FE161001A64E8 /* TimeCircuitsViewController.m */,
				5B646B251D3FE162001A64E8 /* Main.storyboard */,
				5B646B341D3FE3CB001A64E8 /* DatePickerViewController.h */,
				5B646B351D3FE3CB001A64E8 /* DatePickerViewController.m */,
				5B646B281D3FE162001A64E8 /* Assets.xcassets */,
				5B646B2A1D3FE162001A64E8 /* LaunchScreen.storyboard */,
				5B646B2D1D3FE162001A64E8 /* Info.plist */,
				5B646B1C1D3FE161001A64E8 /* Supporting Files */,
			);
			path = "Outta Time";
			sourceTree = "<group>";
		};
		5B646B1C1D3FE161001A64E8 /* Supporting Files */ = {
			isa = PBXGroup;
			children = (
				5B646B1D1D3FE161001A64E8 /* main.m */,
			);
			name = "Supporting Files";
			sourceTree = "<group>";
		};
/* End PBXGroup section */

/* Begin PBXNativeTarget section */
		5B646B181D3FE161001A64E8 /* Outta Time */ = {
			isa = PBXNativeTarget;
			buildConfigurationList = 5B646B301D3FE162001A64E8 /* Build configuration list for PBXNativeTarget "Outta Time" */;
			buildPhases = (
				5B646B151D3FE161001A64E8 /* Sources */,
				5B646B161D3FE161001A64E8 /* Frameworks */,
				5B646B171D3FE161001A64E8 /* Resources */,
			);
			buildRules = (
			);
			dependencies = (
			);
			name = "Outta Time";
			productName = "Outta Time";
			productReference = 5B646B191D3FE161001A64E8 /* Outta Time.app */;
			productType = "com.apple.product-type.application";
		};
/* End PBXNativeTarget section */

/* Begin PBXProject section */
		5B646B111D3FE161001A64E8 /* Project object */ = {
			isa = PBXProject;
			attributes = {
				LastUpgradeCheck = 0730;
				ORGANIZATIONNAME = "The Iron Yard";
				TargetAttributes = {
					5B646B181D3FE161001A64E8 = {
						CreatedOnToolsVersion = 7.3.1;
					};
				};
			};
			buildConfigurationList = 5B646B141D3FE161001A64E8 /* Build configuration list for PBXProject "Outta Time" */;
			compatibilityVersion = "Xcode 3.2";
			developmentRegion = English;
			hasScannedForEncodings = 0;
			knownRegions = (
				en,
				Base,
			);
			mainGroup = 5B646B101D3FE161001A64E8;
			productRefGroup = 5B646B1A1D3FE161001A64E8 /* Products */;
			projectDirPath = "";
			projectRoot = "";
			targets = (
				5B646B181D3FE161001A64E8 /* Outta Time */,
			);
		};
/* End PBXProject section */

/* Begin PBXResourcesBuildPhase section */
		5B646B171D3FE161001A64E8 /* Resources */ = {
			isa = PBXResourcesBuildPhase;
			buildActionMask = 2147483647;
			files = (
				5B646B2C1D3FE162001A64E8 /* LaunchScreen.storyboard in Resources */,
				5B646B291D3FE162001A64E8 /* Assets.xcassets in Resources */,
				5B646B271D3FE162001A64E8 /* Main.storyboard in Resources */,
			);
			runOnlyForDeploymentPostprocessing = 0;
		};
/* End PBXResourcesBuildPhase section */

/* Begin PBXSourcesBuildPhase section */
		5B646B151D3FE161001A64E8 /* Sources */ = {
			isa = PBXSourcesBuildPhase;
			buildActionMask = 2147483647;
			files = (
				5B646B361D3FE3CB001A64E8 /* DatePickerViewController.m in Sources */,
				5B646B241D3FE161001A64E8 /* TimeCircuitsViewController.m in Sources */,
				5B646B211D3FE161001A64E8 /* AppDelegate.m in Sources */,
				5B646B1E1D3FE161001A64E8 /* main.m in Sources */,
			);
			runOnlyForDeploymentPostprocessing = 0;
		};
/* End PBXSourcesBuildPhase section */

/* Begin PBXVariantGroup section */
		5B646B251D3FE162001A64E8 /* Main.storyboard */ = {
			isa = PBXVariantGroup;
			children = (
				5B646B261D3FE162001A64E8 /* Base */,
			);
			name = Main.storyboard;
			sourceTree = "<group>";
		};
		5B646B2A1D3FE162001A64E8 /* LaunchScreen.storyboard */ = {
			isa = PBXVariantGroup;
			children = (
				5B646B2B1D3FE162001A64E8 /* Base */,
			);
			name = LaunchScreen.storyboard;
			sourceTree = "<group>";
		};
/* End PBXVariantGroup section */

/* Begin XCBuildConfiguration section */
		5B646B2E1D3FE162001A64E8 /* Debug */ = {
			isa = XCBuildConfiguration;
			buildSettings = {
				ALWAYS_SEARCH_USER_PATHS = NO;
				CLANG_ANALYZER_NONNULL = YES;
				CLANG_CXX_LANGUAGE_STANDARD = "gnu++0x";
				CLANG_CXX_LIBRARY = "libc++";
				CLANG_ENABLE_MODULES = YES;
				CLANG_ENABLE_OBJC_ARC = YES;
				CLANG_WARN_BOOL_CONVERSION = YES;
				CLANG_WARN_CONSTANT_CONVERSION = YES;
				CLANG_WARN_DIRECT_OBJC_ISA_USAGE = YES_ERROR;
				CLANG_WARN_EMPTY_BODY = YES;
				CLANG_WARN_ENUM_CONVERSION = YES;
				CLANG_WARN_INT_CONVERSION = YES;
				CLANG_WARN_OBJC_ROOT_CLASS = YES_ERROR;
				CLANG_WARN_UNREACHABLE_CODE = YES;
				CLANG_WARN__DUPLICATE_METHOD_MATCH = YES;
				"CODE_SIGN_IDENTITY[sdk=iphoneos*]" = "iPhone Developer";
				COPY_PHASE_STRIP = NO;
				DEBUG_INFORMATION_FORMAT = dwarf;
				ENABLE_STRICT_OBJC_MSGSEND = YES;
				ENABLE_TESTABILITY = YES;
				GCC_C_LANGUAGE_STANDARD = gnu99;
				GCC_DYNAMIC_NO_PIC = NO;
				GCC_NO_COMMON_BLOCKS = YES;
				GCC_OPTIMIZATION_LEVEL = 0;
				GCC_PREPROCESSOR_DEFINITIONS = (
					"DEBUG=1",
					"$(inherited)",
				);
				GCC_WARN_64_TO_32_BIT_CONVERSION = YES;
				GCC_WARN_ABOUT_RETURN_TYPE = YES_ERROR;
				GCC_WARN_UNDECLARED_SELECTOR = YES;
				GCC_WARN_UNINITIALIZED_AUTOS = YES_AGGRESSIVE;
				GCC_WARN_UNUSED_FUNCTION = YES;
				GCC_WARN_UNUSED_VARIABLE = YES;
				IPHONEOS_DEPLOYMENT_TARGET = 9.3;
				MTL_ENABLE_DEBUG_INFO = YES;
				ONLY_ACTIVE_ARCH = YES;
				SDKROOT = iphoneos;
			};
			name = Debug;
		};
		5B646B2F1D3FE162001A64E8 /* Release */ = {
			isa = XCBuildConfiguration;
			buildSettings = {
				ALWAYS_SEARCH_USER_PATHS = NO;
				CLANG_ANALYZER_NONNULL = YES;
				CLANG_CXX_LANGUAGE_STANDARD = "gnu++0x";
				CLANG_CXX_LIBRARY = "libc++";
				CLANG_ENABLE_MODULES = YES;
				CLANG_ENABLE_OBJC_ARC = YES;
				CLANG_WARN_BOOL_CONVERSION = YES;
				CLANG_WARN_CONSTANT_CONVERSION = YES;
				CLANG_WARN_DIRECT_OBJC_ISA_USAGE = YES_ERROR;
				CLANG_WARN_EMPTY_BODY = YES;
				CLANG_WARN_ENUM_CONVERSION = YES;
				CLANG_WARN_INT_CONVERSION = YES;
				CLANG_WARN_OBJC_ROOT_CLASS = YES_ERROR;
				CLANG_WARN_UNREACHABLE_CODE = YES;
				CLANG_WARN__DUPLICATE_METHOD_MATCH = YES;
				"CODE_SIGN_IDENTITY[sdk=iphoneos*]" = "iPhone Developer";
				COPY_PHASE_STRIP = NO;
				DEBUG_INFORMATION_FORMAT = "dwarf-with-dsym";
				ENABLE_NS_ASSERTIONS = NO;
				ENABLE_STRICT_OBJC_MSGSEND = YES;
				GCC_C_LANGUAGE_STANDARD = gnu99;
				GCC_NO_COMMON_BLOCKS = YES;
				GCC_WARN_64_TO_32_BIT_CONVERSION = YES;
				GCC_WARN_ABOUT_RETURN_TYPE = YES_ERROR;
				GCC_WARN_UNDECLARED_SELECTOR = YES;
				GCC_WARN_UNINITIALIZED_AUTOS = YES_AGGRESSIVE;
				GCC_WARN_UNUSED_FUNCTION = YES;
				GCC_WARN_UNUSED_VARIABLE = YES;
				IPHONEOS_DEPLOYMENT_TARGET = 9.3;
				MTL_ENABLE_DEBUG_INFO = NO;
				SDKROOT = iphoneos;
				VALIDATE_PRODUCT = YES;
			};
			name = Release;
		};
		5B646B311D3FE162001A64E8 /* Debug */ = {
			isa = XCBuildConfiguration;
			buildSettings = {
				ASSETCATALOG_COMPILER_APPICON_NAME = AppIcon;
				INFOPLIST_FILE = "Outta Time/Info.plist";
				LD_RUNPATH_SEARCH_PATHS = "$(inherited) @executable_path/Frameworks";
				PRODUCT_BUNDLE_IDENTIFIER = "com.tiy.Outta-Time";
				PRODUCT_NAME = "$(TARGET_NAME)";
			};
			name = Debug;
		};
		5B646B321D3FE162001A64E8 /* Release */ = {
			isa = XCBuildConfiguration;
			buildSettings = {
				ASSETCATALOG_COMPILER_APPICON_NAME = AppIcon;
				INFOPLIST_FILE = "Outta Time/Info.plist";
				LD_RUNPATH_SEARCH_PATHS = "$(inherited) @executable_path/Frameworks";
				PRODUCT_BUNDLE_IDENTIFIER = "com.tiy.Outta-Time";
				PRODUCT_NAME = "$(TARGET_NAME)";
			};
			name = Release;
		};
/* End XCBuildConfiguration section */

/* Begin XCConfigurationList section */
		5B646B141D3FE161001A64E8 /* Build configuration list for PBXProject "Outta Time" */ = {
			isa = XCConfigurationList;
			buildConfigurations = (
				5B646B2E1D3FE162001A64E8 /* Debug */,
				5B646B2F1D3FE162001A64E8 /* Release */,
			);
			defaultConfigurationIsVisible = 0;
			defaultConfigurationName = Release;
		};
		5B646B301D3FE162001A64E8 /* Build configuration list for PBXNativeTarget "Outta Time" */ = {
			isa = XCConfigurationList;
			buildConfigurations = (
				5B646B311D3FE162001A64E8 /* Debug */,
				5B646B321D3FE162001A64E8 /* Release */,
			);
			defaultConfigurationIsVisible = 0;
			defaultConfigurationName = Release;
		};
/* End XCConfigurationList section */
	};
	rootObject = 5B646B111D3FE161001A64E8 /* Project object */;
}
